
Microsoft Visual Studio Solution File, Format Version 12.00
# Visual Studio Version 16
VisualStudioVersion = 16.0.30907.101
MinimumVisualStudioVersion = 10.0.40219.1
Project("{9A19103F-16F7-4668-BE54-9A1E7A4F7556}") = "Business", "Business\Business.csproj", "{30F3BDA5-54A3-45C1-BECA-C59BDECF57CF}"
EndProject
Project("{9A19103F-16F7-4668-BE54-9A1E7A4F7556}") = "Entities", "Entities\Entities.csproj", "{5FAB86B1-5D25-4C28-8B25-1604EB509D94}"
EndProject
Project("{9A19103F-16F7-4668-BE54-9A1E7A4F7556}") = "DataAccess", "DataAccess\DataAccess.csproj", "{B112691E-CD2B-415E-8A88-F034256018C1}"
EndProject
Project("{9A19103F-16F7-4668-BE54-9A1E7A4F7556}") = "ConsoleUI", "ConsoleUI\ConsoleUI.csproj", "{A00C084A-B6F0-4393-BDE1-A180ED099DE4}"
EndProject
Project("{9A19103F-16F7-4668-BE54-9A1E7A4F7556}") = "Core", "Core\Core.csproj", "{CA40976C-86A0-40A3-A564-938E0A445460}"
EndProject
Project("{9A19103F-16F7-4668-BE54-9A1E7A4F7556}") = "WebAPI", "WebAPI\WebAPI.csproj", "{13E5DCCF-DFCC-4DE4-B2B4-B9C8A62D97CF}"
EndProject
Global
	GlobalSection(SolutionConfigurationPlatforms) = preSolution
		Debug|Any CPU = Debug|Any CPU
		Release|Any CPU = Release|Any CPU
	EndGlobalSection
	GlobalSection(ProjectConfigurationPlatforms) = postSolution
		{30F3BDA5-54A3-45C1-BECA-C59BDECF57CF}.Debug|Any CPU.ActiveCfg = Debug|Any CPU
		{30F3BDA5-54A3-45C1-BECA-C59BDECF57CF}.Debug|Any CPU.Build.0 = Debug|Any CPU
		{30F3BDA5-54A3-45C1-BECA-C59BDECF57CF}.Release|Any CPU.ActiveCfg = Release|Any CPU
		{30F3BDA5-54A3-45C1-BECA-C59BDECF57CF}.Release|Any CPU.Build.0 = Release|Any CPU
		{5FAB86B1-5D25-4C28-8B25-1604EB509D94}.Debug|Any CPU.ActiveCfg = Debug|Any CPU
		{5FAB86B1-5D25-4C28-8B25-1604EB509D94}.Debug|Any CPU.Build.0 = Debug|Any CPU
		{5FAB86B1-5D25-4C28-8B25-1604EB509D94}.Release|Any CPU.ActiveCfg = Release|Any CPU
		{5FAB86B1-5D25-4C28-8B25-1604EB509D94}.Release|Any CPU.Build.0 = Release|Any CPU
		{B112691E-CD2B-415E-8A88-F034256018C1}.Debug|Any CPU.ActiveCfg = Debug|Any CPU
		{B112691E-CD2B-415E-8A88-F034256018C1}.Debug|Any CPU.Build.0 = Debug|Any CPU
		{B112691E-CD2B-415E-8A88-F034256018C1}.Release|Any CPU.ActiveCfg = Release|Any CPU
		{B112691E-CD2B-415E-8A88-F034256018C1}.Release|Any CPU.Build.0 = Release|Any CPU
		{A00C084A-B6F0-4393-BDE1-A180ED099DE4}.Debug|Any CPU.ActiveCfg = Debug|Any CPU
		{A00C084A-B6F0-4393-BDE1-A180ED099DE4}.Debug|Any CPU.Build.0 = Debug|Any CPU
		{A00C084A-B6F0-4393-BDE1-A180ED099DE4}.Release|Any CPU.ActiveCfg = Release|Any CPU
		{A00C084A-B6F0-4393-BDE1-A180ED099DE4}.Release|Any CPU.Build.0 = Release|Any CPU
		{CA40976C-86A0-40A3-A564-938E0A445460}.Debug|Any CPU.ActiveCfg = Debug|Any CPU
		{CA40976C-86A0-40A3-A564-938E0A445460}.Debug|Any CPU.Build.0 = Debug|Any CPU
		{CA40976C-86A0-40A3-A564-938E0A445460}.Release|Any CPU.ActiveCfg = Release|Any CPU
		{CA40976C-86A0-40A3-A564-938E0A445460}.Release|Any CPU.Build.0 = Release|Any CPU
		{13E5DCCF-DFCC-4DE4-B2B4-B9C8A62D97CF}.Debug|Any CPU.ActiveCfg = Debug|Any CPU
		{13E5DCCF-DFCC-4DE4-B2B4-B9C8A62D97CF}.Debug|Any CPU.Build.0 = Debug|Any CPU
		{13E5DCCF-DFCC-4DE4-B2B4-B9C8A62D97CF}.Release|Any CPU.ActiveCfg = Release|Any CPU
		{13E5DCCF-DFCC-4DE4-B2B4-B9C8A62D97CF}.Release|Any CPU.Build.0 = Release|Any CPU
	EndGlobalSection
	GlobalSection(SolutionProperties) = preSolution
		HideSolutionNode = FALSE
	EndGlobalSection
	GlobalSection(ExtensibilityGlobals) = postSolution
		SolutionGuid = {012C5815-612D-4A4E-B337-8CD87AC62CDD}
	EndGlobalSection
EndGlobal
